
Microsoft Visual Studio Solution File, Format Version 12.00
# Visual Studio Version 16
VisualStudioVersion = 25.0.1705.2
MinimumVisualStudioVersion = 10.0.40219.1
Project("{FAE04EC0-301F-11D3-BF4B-00C04F79EFBC}") = "Restaurant.Api", "Restaurant.Api\Restaurant.Api.csproj", "{1D6F362C-E608-4C08-B365-EF6917EE3A98}"
EndProject
Global
	GlobalSection(SolutionConfigurationPlatforms) = preSolution
		Debug|Any CPU = Debug|Any CPU
		Release|Any CPU = Release|Any CPU
	EndGlobalSection
	GlobalSection(ProjectConfigurationPlatforms) = postSolution
		{1D6F362C-E608-4C08-B365-EF6917EE3A98}.Debug|Any CPU.ActiveCfg = Debug|Any CPU
		{1D6F362C-E608-4C08-B365-EF6917EE3A98}.Debug|Any CPU.Build.0 = Debug|Any CPU
		{1D6F362C-E608-4C08-B365-EF6917EE3A98}.Release|Any CPU.ActiveCfg = Release|Any CPU
		{1D6F362C-E608-4C08-B365-EF6917EE3A98}.Release|Any CPU.Build.0 = Release|Any CPU
	EndGlobalSection
	GlobalSection(SolutionProperties) = preSolution
		HideSolutionNode = FALSE
	EndGlobalSection
	GlobalSection(ExtensibilityGlobals) = postSolution
		SolutionGuid = {CFEAB80C-224B-4711-A38C-C2CF5B9B9BA4}
	EndGlobalSection
EndGlobal
